
Microsoft Visual Studio Solution File, Format Version 12.00
# Visual Studio 2013
VisualStudioVersion = 12.0.21005.1
MinimumVisualStudioVersion = 10.0.40219.1
Project("{FAE04EC0-301F-11D3-BF4B-00C04F79EFBC}") = "opssau2", "opssau2\opssau2.csproj", "{82EE65D3-6418-4290-93D9-805139DB2B75}"
EndProject
Project("{2150E333-8FDC-42A3-9474-1A3956D46DE8}") = "Solution Items", "Solution Items", "{A6444967-0C69-4B33-AA85-7537A0FB14CC}"
	ProjectSection(SolutionItems) = preProject
		opssau2\js\add_info.js = opssau2\js\add_info.js
		opssau2\images\aicup.jpg = opssau2\images\aicup.jpg
		opssau2\getTable.asp = opssau2\getTable.asp
		opssau2\help.html = opssau2\help.html
		opssau2\js\hide_text.js = opssau2\js\hide_text.js
		opssau2\images\icon.jpg = opssau2\images\icon.jpg
		opssau2\lessons.html = opssau2\lessons.html
		opssau2\news.html = opssau2\news.html
		opssau2\js\open_image.js = opssau2\js\open_image.js
		opssau2\recent_contests.html = opssau2\recent_contests.html
		opssau2\images\ssau_logo.png = opssau2\images\ssau_logo.png
		opssau2\js\valid_reg.js = opssau2\js\valid_reg.js
	EndProjectSection
EndProject
Global
	GlobalSection(SolutionConfigurationPlatforms) = preSolution
		Debug|Any CPU = Debug|Any CPU
		Release|Any CPU = Release|Any CPU
	EndGlobalSection
	GlobalSection(ProjectConfigurationPlatforms) = postSolution
		{82EE65D3-6418-4290-93D9-805139DB2B75}.Debug|Any CPU.ActiveCfg = Debug|Any CPU
		{82EE65D3-6418-4290-93D9-805139DB2B75}.Debug|Any CPU.Build.0 = Debug|Any CPU
		{82EE65D3-6418-4290-93D9-805139DB2B75}.Release|Any CPU.ActiveCfg = Release|Any CPU
		{82EE65D3-6418-4290-93D9-805139DB2B75}.Release|Any CPU.Build.0 = Release|Any CPU
	EndGlobalSection
	GlobalSection(SolutionProperties) = preSolution
		HideSolutionNode = FALSE
	EndGlobalSection
EndGlobal
